{
  "name": "bluetooth",
  "version": "1.0.0",
  "lockfileVersion": 3,
  "requires": true,
  "packages": {
    "": {
      "name": "bluetooth",
      "version": "1.0.0",
      "license": "ISC",
      "engines": {
        "HBuilderX": "^3.1.0",
        "uni-app": "^3.1.0",
        "uni-app-x": "^3.1.0"
      }
    }
  }
}
